<Solution>
  <Folder Name="/src/" />
  <Folder Name="/src/ApiGateway/">
    <Project Path="src/ApiGateway/TaskFlow.ApiGateway/TaskFlow.ApiGateway.csproj" />
  </Folder>
  <Folder Name="/src/Services/">
    <Project Path="src/Services/TaskFlow.Services.Audit/TaskFlow.Services.Audit.csproj" />
    <Project Path="src/Services/TaskFlow.Services.Auth/TaskFlow.Services.Auth.csproj" />
    <Project Path="src/Services/TaskFlow.Services.Notification/TaskFlow.Services.Notification.csproj" />
    <Project Path="src/Services/TaskFlow.Services.Project/TaskFlow.Services.Project.csproj" />
    <Project Path="src/Services/TaskFlow.Services.Task/TaskFlow.Services.Task.csproj" />
  </Folder>
  <Folder Name="/src/Shared/">
    <Project Path="src/Shared/TaskFlow.Shared.Abstractions/TaskFlow.Shared.Abstractions.csproj" />
    <Project Path="src/Shared/TaskFlow.Shared.DTOs/TaskFlow.Shared.DTOs.csproj" />
    <Project Path="src/Shared/TaskFlow.Shared.Grpc/TaskFlow.Shared.Grpc.csproj" />
    <Project Path="src/Shared/TaskFlow.Shared.Kernel/TaskFlow.Shared.Kernel.csproj" />
    <Project Path="src/Shared/TaskFlow.Shared.Messaging/TaskFlow.Shared.Messaging.csproj" />
    <Project Path="src/Shared/TaskFlow.Shared.Observability/TaskFlow.Shared.Observability.csproj" />
    <Project Path="src/Shared/TaskFlow.Shared.Resilience/TaskFlow.Shared.Resilience.csproj" />
    <Project Path="src\Shared\TaskFlow.Shared.Messaging.RabbitMQ\TaskFlow.Shared.Messaging.RabbitMQ.csproj" />
  </Folder>
  <Folder Name="/tests/" />
  <Folder Name="/tests/Unit/">
    <Project Path="tests/Unit/TaskFlow.Services.Audit.Tests/TaskFlow.Services.Audit.Tests.csproj" />
    <Project Path="tests/Unit/TaskFlow.Services.Auth.Tests/TaskFlow.Services.Auth.Tests.csproj" />
    <Project Path="tests/Unit/TaskFlow.Services.Notification.Tests/TaskFlow.Services.Notification.Tests.csproj" />
    <Project Path="tests/Unit/TaskFlow.Services.Project.Tests/TaskFlow.Services.Project.Tests.csproj" />
    <Project Path="tests/Unit/TaskFlow.Services.Task.Tests/TaskFlow.Services.Task.Tests.csproj" />
  </Folder>
  <Project Path="tests/GrpcTest/GrpcTest.csproj" />
</Solution>
